// !$*UTF8*$!
{
	archiveVersion = 1;
	classes = {
	};
	objectVersion = 77;
	objects = {

/* Begin PBXBuildFile section */
		AA3628882E8EEE8700E432AF /* Kingfisher in Frameworks */ = {isa = PBXBuildFile; productRef = AA3628872E8EEE8700E432AF /* Kingfisher */; };
		AA36288B2E8EEEB000E432AF /* BasicContainers in Frameworks */ = {isa = PBXBuildFile; productRef = AA36288A2E8EEEB000E432AF /* BasicContainers */; };
		AA36288D2E8EEEB000E432AF /* BitCollections in Frameworks */ = {isa = PBXBuildFile; productRef = AA36288C2E8EEEB000E432AF /* BitCollections */; };
		AA36288F2E8EEEB000E432AF /* Collections in Frameworks */ = {isa = PBXBuildFile; productRef = AA36288E2E8EEEB000E432AF /* Collections */; };
		AA3628912E8EEEB000E432AF /* ContainersPreview in Frameworks */ = {isa = PBXBuildFile; productRef = AA3628902E8EEEB000E432AF /* ContainersPreview */; };
		AA3628932E8EEEB000E432AF /* DequeModule in Frameworks */ = {isa = PBXBuildFile; productRef = AA3628922E8EEEB000E432AF /* DequeModule */; };
		AA3628962E8EEED200E432AF /* SQLite in Frameworks */ = {isa = PBXBuildFile; productRef = AA3628952E8EEED200E432AF /* SQLite */; };
		AA3628E62E90225800E432AF /* FirebaseAI in Frameworks */ = {isa = PBXBuildFile; productRef = AA3628E52E90225800E432AF /* FirebaseAI */; };
		AA3628E82E90225800E432AF /* FirebaseAnalytics in Frameworks */ = {isa = PBXBuildFile; productRef = AA3628E72E90225800E432AF /* FirebaseAnalytics */; };
		AA3628EA2E90225800E432AF /* FirebaseAnalyticsCore in Frameworks */ = {isa = PBXBuildFile; productRef = AA3628E92E90225800E432AF /* FirebaseAnalyticsCore */; };
		AA3628EC2E90225800E432AF /* FirebaseAnalyticsIdentitySupport in Frameworks */ = {isa = PBXBuildFile; productRef = AA3628EB2E90225800E432AF /* FirebaseAnalyticsIdentitySupport */; };
		AA3628EE2E90225800E432AF /* FirebaseAppCheck in Frameworks */ = {isa = PBXBuildFile; productRef = AA3628ED2E90225800E432AF /* FirebaseAppCheck */; };
		AA3628F52E902D7400E432AF /* FirebaseAuth in Frameworks */ = {isa = PBXBuildFile; productRef = AA3628F42E902D7400E432AF /* FirebaseAuth */; };
		AA3628F72E902D7400E432AF /* FirebaseCore in Frameworks */ = {isa = PBXBuildFile; productRef = AA3628F62E902D7400E432AF /* FirebaseCore */; };
		AA3628F92E902D7400E432AF /* FirebaseDatabase in Frameworks */ = {isa = PBXBuildFile; productRef = AA3628F82E902D7400E432AF /* FirebaseDatabase */; };
		AA3628FB2E902D7400E432AF /* FirebaseFirestore in Frameworks */ = {isa = PBXBuildFile; productRef = AA3628FA2E902D7400E432AF /* FirebaseFirestore */; };
/* End PBXBuildFile section */

/* Begin PBXContainerItemProxy section */
		AA3628692E8EEDAB00E432AF /* PBXContainerItemProxy */ = {
			isa = PBXContainerItemProxy;
			containerPortal = AA36284C2E8EEDA900E432AF /* Project object */;
			proxyType = 1;
			remoteGlobalIDString = AA3628532E8EEDA900E432AF;
			remoteInfo = PantryChef;
		};
		AA3628732E8EEDAB00E432AF /* PBXContainerItemProxy */ = {
			isa = PBXContainerItemProxy;
			containerPortal = AA36284C2E8EEDA900E432AF /* Project object */;
			proxyType = 1;
			remoteGlobalIDString = AA3628532E8EEDA900E432AF;
			remoteInfo = PantryChef;
		};
/* End PBXContainerItemProxy section */

/* Begin PBXFileReference section */
		AA3628542E8EEDA900E432AF /* PantryChef.app */ = {isa = PBXFileReference; explicitFileType = wrapper.application; includeInIndex = 0; path = PantryChef.app; sourceTree = BUILT_PRODUCTS_DIR; };
		AA3628682E8EEDAB00E432AF /* PantryChefTests.xctest */ = {isa = PBXFileReference; explicitFileType = wrapper.cfbundle; includeInIndex = 0; path = PantryChefTests.xctest; sourceTree = BUILT_PRODUCTS_DIR; };
		AA3628722E8EEDAB00E432AF /* PantryChefUITests.xctest */ = {isa = PBXFileReference; explicitFileType = wrapper.cfbundle; includeInIndex = 0; path = PantryChefUITests.xctest; sourceTree = BUILT_PRODUCTS_DIR; };
/* End PBXFileReference section */

/* Begin PBXFileSystemSynchronizedBuildFileExceptionSet section */
		AA36287A2E8EEDAB00E432AF /* Exceptions for "PantryChef" folder in "PantryChef" target */ = {
			isa = PBXFileSystemSynchronizedBuildFileExceptionSet;
			membershipExceptions = (
				Info.plist,
			);
			target = AA3628532E8EEDA900E432AF /* PantryChef */;
		};
		AA36290B2E903AE800E432AF /* Exceptions for "Features" folder in "PantryChef" target */ = {
			isa = PBXFileSystemSynchronizedBuildFileExceptionSet;
			membershipExceptions = (
				Discover/Untitled.swift,
			);
			target = AA3628532E8EEDA900E432AF /* PantryChef */;
		};
/* End PBXFileSystemSynchronizedBuildFileExceptionSet section */

/* Begin PBXFileSystemSynchronizedRootGroup section */
		AA3628562E8EEDA900E432AF /* PantryChef */ = {
			isa = PBXFileSystemSynchronizedRootGroup;
			exceptions = (
				AA36287A2E8EEDAB00E432AF /* Exceptions for "PantryChef" folder in "PantryChef" target */,
			);
			path = PantryChef;
			sourceTree = "<group>";
		};
		AA36286B2E8EEDAB00E432AF /* PantryChefTests */ = {
			isa = PBXFileSystemSynchronizedRootGroup;
			path = PantryChefTests;
			sourceTree = "<group>";
		};
		AA3628752E8EEDAB00E432AF /* PantryChefUITests */ = {
			isa = PBXFileSystemSynchronizedRootGroup;
			path = PantryChefUITests;
			sourceTree = "<group>";
		};
		AA3628AB2E8EF1FB00E432AF /* Features */ = {
			isa = PBXFileSystemSynchronizedRootGroup;
			exceptions = (
				AA36290B2E903AE800E432AF /* Exceptions for "Features" folder in "PantryChef" target */,
			);
			path = Features;
			sourceTree = "<group>";
		};
		AA3628AC2E8EF20E00E432AF /* Data */ = {
			isa = PBXFileSystemSynchronizedRootGroup;
			path = Data;
			sourceTree = "<group>";
		};
		AA3628AD2E8EF21400E432AF /* Support */ = {
			isa = PBXFileSystemSynchronizedRootGroup;
			path = Support;
			sourceTree = "<group>";
		};
		AA3628AE2E8EF21900E432AF /* Resources */ = {
			isa = PBXFileSystemSynchronizedRootGroup;
			path = Resources;
			sourceTree = "<group>";
		};
/* End PBXFileSystemSynchronizedRootGroup section */

/* Begin PBXFrameworksBuildPhase section */
		AA3628512E8EEDA900E432AF /* Frameworks */ = {
			isa = PBXFrameworksBuildPhase;
			buildActionMask = 2147483647;
			files = (
				AA3628F92E902D7400E432AF /* FirebaseDatabase in Frameworks */,
				AA3628882E8EEE8700E432AF /* Kingfisher in Frameworks */,
				AA36288B2E8EEEB000E432AF /* BasicContainers in Frameworks */,
				AA36288F2E8EEEB000E432AF /* Collections in Frameworks */,
				AA36288D2E8EEEB000E432AF /* BitCollections in Frameworks */,
				AA3628FB2E902D7400E432AF /* FirebaseFirestore in Frameworks */,
				AA3628F72E902D7400E432AF /* FirebaseCore in Frameworks */,
				AA3628EE2E90225800E432AF /* FirebaseAppCheck in Frameworks */,
				AA3628962E8EEED200E432AF /* SQLite in Frameworks */,
				AA3628E62E90225800E432AF /* FirebaseAI in Frameworks */,
				AA3628912E8EEEB000E432AF /* ContainersPreview in Frameworks */,
				AA3628EA2E90225800E432AF /* FirebaseAnalyticsCore in Frameworks */,
				AA3628EC2E90225800E432AF /* FirebaseAnalyticsIdentitySupport in Frameworks */,
				AA3628F52E902D7400E432AF /* FirebaseAuth in Frameworks */,
				AA3628932E8EEEB000E432AF /* DequeModule in Frameworks */,
				AA3628E82E90225800E432AF /* FirebaseAnalytics in Frameworks */,
			);
			runOnlyForDeploymentPostprocessing = 0;
		};
		AA3628652E8EEDAB00E432AF /* Frameworks */ = {
			isa = PBXFrameworksBuildPhase;
			buildActionMask = 2147483647;
			files = (
			);
			runOnlyForDeploymentPostprocessing = 0;
		};
		AA36286F2E8EEDAB00E432AF /* Frameworks */ = {
			isa = PBXFrameworksBuildPhase;
			buildActionMask = 2147483647;
			files = (
			);
			runOnlyForDeploymentPostprocessing = 0;
		};
/* End PBXFrameworksBuildPhase section */

/* Begin PBXGroup section */
		AA36284B2E8EEDA900E432AF = {
			isa = PBXGroup;
			children = (
				AA3628AE2E8EF21900E432AF /* Resources */,
				AA3628AD2E8EF21400E432AF /* Support */,
				AA3628AC2E8EF20E00E432AF /* Data */,
				AA3628AB2E8EF1FB00E432AF /* Features */,
				AA3628562E8EEDA900E432AF /* PantryChef */,
				AA36286B2E8EEDAB00E432AF /* PantryChefTests */,
				AA3628752E8EEDAB00E432AF /* PantryChefUITests */,
				AA3628552E8EEDA900E432AF /* Products */,
			);
			sourceTree = "<group>";
		};
		AA3628552E8EEDA900E432AF /* Products */ = {
			isa = PBXGroup;
			children = (
				AA3628542E8EEDA900E432AF /* PantryChef.app */,
				AA3628682E8EEDAB00E432AF /* PantryChefTests.xctest */,
				AA3628722E8EEDAB00E432AF /* PantryChefUITests.xctest */,
			);
			name = Products;
			sourceTree = "<group>";
		};
/* End PBXGroup section */

/* Begin PBXNativeTarget section */
		AA3628532E8EEDA900E432AF /* PantryChef */ = {
			isa = PBXNativeTarget;
			buildConfigurationList = AA36287B2E8EEDAB00E432AF /* Build configuration list for PBXNativeTarget "PantryChef" */;
			buildPhases = (
				AA3628502E8EEDA900E432AF /* Sources */,
				AA3628512E8EEDA900E432AF /* Frameworks */,
				AA3628522E8EEDA900E432AF /* Resources */,
			);
			buildRules = (
			);
			dependencies = (
			);
			fileSystemSynchronizedGroups = (
				AA3628562E8EEDA900E432AF /* PantryChef */,
				AA3628AB2E8EF1FB00E432AF /* Features */,
				AA3628AC2E8EF20E00E432AF /* Data */,
				AA3628AD2E8EF21400E432AF /* Support */,
				AA3628AE2E8EF21900E432AF /* Resources */,
			);
			name = PantryChef;
			packageProductDependencies = (
				AA3628872E8EEE8700E432AF /* Kingfisher */,
				AA36288A2E8EEEB000E432AF /* BasicContainers */,
				AA36288C2E8EEEB000E432AF /* BitCollections */,
				AA36288E2E8EEEB000E432AF /* Collections */,
				AA3628902E8EEEB000E432AF /* ContainersPreview */,
				AA3628922E8EEEB000E432AF /* DequeModule */,
				AA3628952E8EEED200E432AF /* SQLite */,
				AA3628E52E90225800E432AF /* FirebaseAI */,
				AA3628E72E90225800E432AF /* FirebaseAnalytics */,
				AA3628E92E90225800E432AF /* FirebaseAnalyticsCore */,
				AA3628EB2E90225800E432AF /* FirebaseAnalyticsIdentitySupport */,
				AA3628ED2E90225800E432AF /* FirebaseAppCheck */,
				AA3628F42E902D7400E432AF /* FirebaseAuth */,
				AA3628F62E902D7400E432AF /* FirebaseCore */,
				AA3628F82E902D7400E432AF /* FirebaseDatabase */,
				AA3628FA2E902D7400E432AF /* FirebaseFirestore */,
			);
			productName = PantryChef;
			productReference = AA3628542E8EEDA900E432AF /* PantryChef.app */;
			productType = "com.apple.product-type.application";
		};
		AA3628672E8EEDAB00E432AF /* PantryChefTests */ = {
			isa = PBXNativeTarget;
			buildConfigurationList = AA3628802E8EEDAB00E432AF /* Build configuration list for PBXNativeTarget "PantryChefTests" */;
			buildPhases = (
				AA3628642E8EEDAB00E432AF /* Sources */,
				AA3628652E8EEDAB00E432AF /* Frameworks */,
				AA3628662E8EEDAB00E432AF /* Resources */,
			);
			buildRules = (
			);
			dependencies = (
				AA36286A2E8EEDAB00E432AF /* PBXTargetDependency */,
			);
			fileSystemSynchronizedGroups = (
				AA36286B2E8EEDAB00E432AF /* PantryChefTests */,
			);
			name = PantryChefTests;
			packageProductDependencies = (
			);
			productName = PantryChefTests;
			productReference = AA3628682E8EEDAB00E432AF /* PantryChefTests.xctest */;
			productType = "com.apple.product-type.bundle.unit-test";
		};
		AA3628712E8EEDAB00E432AF /* PantryChefUITests */ = {
			isa = PBXNativeTarget;
			buildConfigurationList = AA3628832E8EEDAB00E432AF /* Build configuration list for PBXNativeTarget "PantryChefUITests" */;
			buildPhases = (
				AA36286E2E8EEDAB00E432AF /* Sources */,
				AA36286F2E8EEDAB00E432AF /* Frameworks */,
				AA3628702E8EEDAB00E432AF /* Resources */,
			);
			buildRules = (
			);
			dependencies = (
				AA3628742E8EEDAB00E432AF /* PBXTargetDependency */,
			);
			fileSystemSynchronizedGroups = (
				AA3628752E8EEDAB00E432AF /* PantryChefUITests */,
			);
			name = PantryChefUITests;
			packageProductDependencies = (
			);
			productName = PantryChefUITests;
			productReference = AA3628722E8EEDAB00E432AF /* PantryChefUITests.xctest */;
			productType = "com.apple.product-type.bundle.ui-testing";
		};
/* End PBXNativeTarget section */

/* Begin PBXProject section */
		AA36284C2E8EEDA900E432AF /* Project object */ = {
			isa = PBXProject;
			attributes = {
				BuildIndependentTargetsInParallel = 1;
				LastSwiftUpdateCheck = 2600;
				LastUpgradeCheck = 2600;
				TargetAttributes = {
					AA3628532E8EEDA900E432AF = {
						CreatedOnToolsVersion = 26.0.1;
					};
					AA3628672E8EEDAB00E432AF = {
						CreatedOnToolsVersion = 26.0.1;
						TestTargetID = AA3628532E8EEDA900E432AF;
					};
					AA3628712E8EEDAB00E432AF = {
						CreatedOnToolsVersion = 26.0.1;
						TestTargetID = AA3628532E8EEDA900E432AF;
					};
				};
			};
			buildConfigurationList = AA36284F2E8EEDA900E432AF /* Build configuration list for PBXProject "PantryChef" */;
			developmentRegion = en;
			hasScannedForEncodings = 0;
			knownRegions = (
				en,
				Base,
			);
			mainGroup = AA36284B2E8EEDA900E432AF;
			minimizedProjectReferenceProxies = 1;
			packageReferences = (
				AA3628862E8EEE8700E432AF /* XCRemoteSwiftPackageReference "Kingfisher" */,
				AA3628892E8EEEB000E432AF /* XCRemoteSwiftPackageReference "swift-collections" */,
				AA3628942E8EEED200E432AF /* XCRemoteSwiftPackageReference "SQLite" */,
				AA3628E42E90225800E432AF /* XCRemoteSwiftPackageReference "firebase-ios-sdk" */,
			);
			preferredProjectObjectVersion = 77;
			productRefGroup = AA3628552E8EEDA900E432AF /* Products */;
			projectDirPath = "";
			projectRoot = "";
			targets = (
				AA3628532E8EEDA900E432AF /* PantryChef */,
				AA3628672E8EEDAB00E432AF /* PantryChefTests */,
				AA3628712E8EEDAB00E432AF /* PantryChefUITests */,
			);
		};
/* End PBXProject section */

/* Begin PBXResourcesBuildPhase section */
		AA3628522E8EEDA900E432AF /* Resources */ = {
			isa = PBXResourcesBuildPhase;
			buildActionMask = 2147483647;
			files = (
			);
			runOnlyForDeploymentPostprocessing = 0;
		};
		AA3628662E8EEDAB00E432AF /* Resources */ = {
			isa = PBXResourcesBuildPhase;
			buildActionMask = 2147483647;
			files = (
			);
			runOnlyForDeploymentPostprocessing = 0;
		};
		AA3628702E8EEDAB00E432AF /* Resources */ = {
			isa = PBXResourcesBuildPhase;
			buildActionMask = 2147483647;
			files = (
			);
			runOnlyForDeploymentPostprocessing = 0;
		};
/* End PBXResourcesBuildPhase section */

/* Begin PBXSourcesBuildPhase section */
		AA3628502E8EEDA900E432AF /* Sources */ = {
			isa = PBXSourcesBuildPhase;
			buildActionMask = 2147483647;
			files = (
			);
			runOnlyForDeploymentPostprocessing = 0;
		};
		AA3628642E8EEDAB00E432AF /* Sources */ = {
			isa = PBXSourcesBuildPhase;
			buildActionMask = 2147483647;
			files = (
			);
			runOnlyForDeploymentPostprocessing = 0;
		};
		AA36286E2E8EEDAB00E432AF /* Sources */ = {
			isa = PBXSourcesBuildPhase;
			buildActionMask = 2147483647;
			files = (
			);
			runOnlyForDeploymentPostprocessing = 0;
		};
/* End PBXSourcesBuildPhase section */

/* Begin PBXTargetDependency section */
		AA36286A2E8EEDAB00E432AF /* PBXTargetDependency */ = {
			isa = PBXTargetDependency;
			target = AA3628532E8EEDA900E432AF /* PantryChef */;
			targetProxy = AA3628692E8EEDAB00E432AF /* PBXContainerItemProxy */;
		};
		AA3628742E8EEDAB00E432AF /* PBXTargetDependency */ = {
			isa = PBXTargetDependency;
			target = AA3628532E8EEDA900E432AF /* PantryChef */;
			targetProxy = AA3628732E8EEDAB00E432AF /* PBXContainerItemProxy */;
		};
/* End PBXTargetDependency section */

/* Begin XCBuildConfiguration section */
		AA36287C2E8EEDAB00E432AF /* Debug */ = {
			isa = XCBuildConfiguration;
			buildSettings = {
				ASSETCATALOG_COMPILER_APPICON_NAME = AppIcon;
				ASSETCATALOG_COMPILER_GLOBAL_ACCENT_COLOR_NAME = AccentColor;
				CODE_SIGN_ENTITLEMENTS = "";
				CODE_SIGN_STYLE = Automatic;
				CURRENT_PROJECT_VERSION = 1;
				DEVELOPMENT_TEAM = B9VUF75UVL;
				ENABLE_PREVIEWS = YES;
				GENERATE_INFOPLIST_FILE = YES;
				INFOPLIST_FILE = PantryChef/Info.plist;
				INFOPLIST_KEY_UIApplicationSceneManifest_Generation = YES;
				INFOPLIST_KEY_UIApplicationSupportsIndirectInputEvents = YES;
				INFOPLIST_KEY_UILaunchScreen_Generation = YES;
				INFOPLIST_KEY_UISupportedInterfaceOrientations_iPad = "UIInterfaceOrientationPortrait UIInterfaceOrientationPortraitUpsideDown UIInterfaceOrientationLandscapeLeft UIInterfaceOrientationLandscapeRight";
				INFOPLIST_KEY_UISupportedInterfaceOrientations_iPhone = "UIInterfaceOrientationPortrait UIInterfaceOrientationLandscapeLeft UIInterfaceOrientationLandscapeRight";
				LD_RUNPATH_SEARCH_PATHS = (
					"$(inherited)",
					"@executable_path/Frameworks",
				);
				MARKETING_VERSION = 1.0;
				PRODUCT_BUNDLE_IDENTIFIER = uts.PantryChef;
				PRODUCT_NAME = "$(TARGET_NAME)";
				STRING_CATALOG_GENERATE_SYMBOLS = YES;
				SWIFT_APPROACHABLE_CONCURRENCY = YES;
				SWIFT_DEFAULT_ACTOR_ISOLATION = MainActor;
				SWIFT_EMIT_LOC_STRINGS = YES;
				SWIFT_UPCOMING_FEATURE_MEMBER_IMPORT_VISIBILITY = YES;
				SWIFT_VERSION = 5.0;
				TARGETED_DEVICE_FAMILY = "1,2";
			};
			name = Debug;
		};
		AA36287D2E8EEDAB00E432AF /* Release */ = {
			isa = XCBuildConfiguration;
			buildSettings = {
				ASSETCATALOG_COMPILER_APPICON_NAME = AppIcon;
				ASSETCATALOG_COMPILER_GLOBAL_ACCENT_COLOR_NAME = AccentColor;
				CODE_SIGN_ENTITLEMENTS = "";
				CODE_SIGN_STYLE = Automatic;
				CURRENT_PROJECT_VERSION = 1;
				DEVELOPMENT_TEAM = B9VUF75UVL;
				ENABLE_PREVIEWS = YES;
				GENERATE_INFOPLIST_FILE = YES;
				INFOPLIST_FILE = PantryChef/Info.plist;
				INFOPLIST_KEY_UIApplicationSceneManifest_Generation = YES;
				INFOPLIST_KEY_UIApplicationSupportsIndirectInputEvents = YES;
				INFOPLIST_KEY_UILaunchScreen_Generation = YES;
				INFOPLIST_KEY_UISupportedInterfaceOrientations_iPad = "UIInterfaceOrientationPortrait UIInterfaceOrientationPortraitUpsideDown UIInterfaceOrientationLandscapeLeft UIInterfaceOrientationLandscapeRight";
				INFOPLIST_KEY_UISupportedInterfaceOrientations_iPhone = "UIInterfaceOrientationPortrait UIInterfaceOrientationLandscapeLeft UIInterfaceOrientationLandscapeRight";
				LD_RUNPATH_SEARCH_PATHS = (
					"$(inherited)",
					"@executable_path/Frameworks",
				);
				MARKETING_VERSION = 1.0;
				PRODUCT_BUNDLE_IDENTIFIER = uts.PantryChef;
				PRODUCT_NAME = "$(TARGET_NAME)";
				STRING_CATALOG_GENERATE_SYMBOLS = YES;
				SWIFT_APPROACHABLE_CONCURRENCY = YES;
				SWIFT_DEFAULT_ACTOR_ISOLATION = MainActor;
				SWIFT_EMIT_LOC_STRINGS = YES;
				SWIFT_UPCOMING_FEATURE_MEMBER_IMPORT_VISIBILITY = YES;
				SWIFT_VERSION = 5.0;
				TARGETED_DEVICE_FAMILY = "1,2";
			};
			name = Release;
		};
		AA36287E2E8EEDAB00E432AF /* Debug */ = {
			isa = XCBuildConfiguration;
			buildSettings = {
				ALWAYS_SEARCH_USER_PATHS = NO;
				ASSETCATALOG_COMPILER_GENERATE_SWIFT_ASSET_SYMBOL_EXTENSIONS = YES;
				CLANG_ANALYZER_NONNULL = YES;
				CLANG_ANALYZER_NUMBER_OBJECT_CONVERSION = YES_AGGRESSIVE;
				CLANG_CXX_LANGUAGE_STANDARD = "gnu++20";
				CLANG_ENABLE_MODULES = YES;
				CLANG_ENABLE_OBJC_ARC = YES;
				CLANG_ENABLE_OBJC_WEAK = YES;
				CLANG_WARN_BLOCK_CAPTURE_AUTORELEASING = YES;
				CLANG_WARN_BOOL_CONVERSION = YES;
				CLANG_WARN_COMMA = YES;
				CLANG_WARN_CONSTANT_CONVERSION = YES;
				CLANG_WARN_DEPRECATED_OBJC_IMPLEMENTATIONS = YES;
				CLANG_WARN_DIRECT_OBJC_ISA_USAGE = YES_ERROR;
				CLANG_WARN_DOCUMENTATION_COMMENTS = YES;
				CLANG_WARN_EMPTY_BODY = YES;
				CLANG_WARN_ENUM_CONVERSION = YES;
				CLANG_WARN_INFINITE_RECURSION = YES;
				CLANG_WARN_INT_CONVERSION = YES;
				CLANG_WARN_NON_LITERAL_NULL_CONVERSION = YES;
				CLANG_WARN_OBJC_IMPLICIT_RETAIN_SELF = YES;
				CLANG_WARN_OBJC_LITERAL_CONVERSION = YES;
				CLANG_WARN_OBJC_ROOT_CLASS = YES_ERROR;
				CLANG_WARN_QUOTED_INCLUDE_IN_FRAMEWORK_HEADER = YES;
				CLANG_WARN_RANGE_LOOP_ANALYSIS = YES;
				CLANG_WARN_STRICT_PROTOTYPES = YES;
				CLANG_WARN_SUSPICIOUS_MOVE = YES;
				CLANG_WARN_UNGUARDED_AVAILABILITY = YES_AGGRESSIVE;
				CLANG_WARN_UNREACHABLE_CODE = YES;
				CLANG_WARN__DUPLICATE_METHOD_MATCH = YES;
				COPY_PHASE_STRIP = NO;
				DEBUG_INFORMATION_FORMAT = dwarf;
				DEVELOPMENT_TEAM = B9VUF75UVL;
				ENABLE_STRICT_OBJC_MSGSEND = YES;
				ENABLE_TESTABILITY = YES;
				ENABLE_USER_SCRIPT_SANDBOXING = YES;
				GCC_C_LANGUAGE_STANDARD = gnu17;
				GCC_DYNAMIC_NO_PIC = NO;
				GCC_NO_COMMON_BLOCKS = YES;
				GCC_OPTIMIZATION_LEVEL = 0;
				GCC_PREPROCESSOR_DEFINITIONS = (
					"DEBUG=1",
					"$(inherited)",
				);
				GCC_WARN_64_TO_32_BIT_CONVERSION = YES;
				GCC_WARN_ABOUT_RETURN_TYPE = YES_ERROR;
				GCC_WARN_UNDECLARED_SELECTOR = YES;
				GCC_WARN_UNINITIALIZED_AUTOS = YES_AGGRESSIVE;
				GCC_WARN_UNUSED_FUNCTION = YES;
				GCC_WARN_UNUSED_VARIABLE = YES;
				IPHONEOS_DEPLOYMENT_TARGET = 26.0;
				LOCALIZATION_PREFERS_STRING_CATALOGS = YES;
				MTL_ENABLE_DEBUG_INFO = INCLUDE_SOURCE;
				MTL_FAST_MATH = YES;
				ONLY_ACTIVE_ARCH = YES;
				SDKROOT = iphoneos;
				SWIFT_ACTIVE_COMPILATION_CONDITIONS = "DEBUG $(inherited)";
				SWIFT_OPTIMIZATION_LEVEL = "-Onone";
			};
			name = Debug;
		};
		AA36287F2E8EEDAB00E432AF /* Release */ = {
			isa = XCBuildConfiguration;
			buildSettings = {
				ALWAYS_SEARCH_USER_PATHS = NO;
				ASSETCATALOG_COMPILER_GENERATE_SWIFT_ASSET_SYMBOL_EXTENSIONS = YES;
				CLANG_ANALYZER_NONNULL = YES;
				CLANG_ANALYZER_NUMBER_OBJECT_CONVERSION = YES_AGGRESSIVE;
				CLANG_CXX_LANGUAGE_STANDARD = "gnu++20";
				CLANG_ENABLE_MODULES = YES;
				CLANG_ENABLE_OBJC_ARC = YES;
				CLANG_ENABLE_OBJC_WEAK = YES;
				CLANG_WARN_BLOCK_CAPTURE_AUTORELEASING = YES;
				CLANG_WARN_BOOL_CONVERSION = YES;
				CLANG_WARN_COMMA = YES;
				CLANG_WARN_CONSTANT_CONVERSION = YES;
				CLANG_WARN_DEPRECATED_OBJC_IMPLEMENTATIONS = YES;
				CLANG_WARN_DIRECT_OBJC_ISA_USAGE = YES_ERROR;
				CLANG_WARN_DOCUMENTATION_COMMENTS = YES;
				CLANG_WARN_EMPTY_BODY = YES;
				CLANG_WARN_ENUM_CONVERSION = YES;
				CLANG_WARN_INFINITE_RECURSION = YES;
				CLANG_WARN_INT_CONVERSION = YES;
				CLANG_WARN_NON_LITERAL_NULL_CONVERSION = YES;
				CLANG_WARN_OBJC_IMPLICIT_RETAIN_SELF = YES;
				CLANG_WARN_OBJC_LITERAL_CONVERSION = YES;
				CLANG_WARN_OBJC_ROOT_CLASS = YES_ERROR;
				CLANG_WARN_QUOTED_INCLUDE_IN_FRAMEWORK_HEADER = YES;
				CLANG_WARN_RANGE_LOOP_ANALYSIS = YES;
				CLANG_WARN_STRICT_PROTOTYPES = YES;
				CLANG_WARN_SUSPICIOUS_MOVE = YES;
				CLANG_WARN_UNGUARDED_AVAILABILITY = YES_AGGRESSIVE;
				CLANG_WARN_UNREACHABLE_CODE = YES;
				CLANG_WARN__DUPLICATE_METHOD_MATCH = YES;
				COPY_PHASE_STRIP = NO;
				DEBUG_INFORMATION_FORMAT = "dwarf-with-dsym";
				DEVELOPMENT_TEAM = B9VUF75UVL;
				ENABLE_NS_ASSERTIONS = NO;
				ENABLE_STRICT_OBJC_MSGSEND = YES;
				ENABLE_USER_SCRIPT_SANDBOXING = YES;
				GCC_C_LANGUAGE_STANDARD = gnu17;
				GCC_NO_COMMON_BLOCKS = YES;
				GCC_WARN_64_TO_32_BIT_CONVERSION = YES;
				GCC_WARN_ABOUT_RETURN_TYPE = YES_ERROR;
				GCC_WARN_UNDECLARED_SELECTOR = YES;
				GCC_WARN_UNINITIALIZED_AUTOS = YES_AGGRESSIVE;
				GCC_WARN_UNUSED_FUNCTION = YES;
				GCC_WARN_UNUSED_VARIABLE = YES;
				IPHONEOS_DEPLOYMENT_TARGET = 26.0;
				LOCALIZATION_PREFERS_STRING_CATALOGS = YES;
				MTL_ENABLE_DEBUG_INFO = NO;
				MTL_FAST_MATH = YES;
				SDKROOT = iphoneos;
				SWIFT_COMPILATION_MODE = wholemodule;
				VALIDATE_PRODUCT = YES;
			};
			name = Release;
		};
		AA3628812E8EEDAB00E432AF /* Debug */ = {
			isa = XCBuildConfiguration;
			buildSettings = {
				BUNDLE_LOADER = "$(TEST_HOST)";
				CODE_SIGN_STYLE = Automatic;
				CURRENT_PROJECT_VERSION = 1;
				DEVELOPMENT_TEAM = B9VUF75UVL;
				GENERATE_INFOPLIST_FILE = YES;
				IPHONEOS_DEPLOYMENT_TARGET = 26.0;
				MARKETING_VERSION = 1.0;
				PRODUCT_BUNDLE_IDENTIFIER = uts.PantryChefTests;
				PRODUCT_NAME = "$(TARGET_NAME)";
				STRING_CATALOG_GENERATE_SYMBOLS = NO;
				SWIFT_APPROACHABLE_CONCURRENCY = YES;
				SWIFT_EMIT_LOC_STRINGS = NO;
				SWIFT_UPCOMING_FEATURE_MEMBER_IMPORT_VISIBILITY = YES;
				SWIFT_VERSION = 5.0;
				TARGETED_DEVICE_FAMILY = "1,2";
				TEST_HOST = "$(BUILT_PRODUCTS_DIR)/PantryChef.app/$(BUNDLE_EXECUTABLE_FOLDER_PATH)/PantryChef";
			};
			name = Debug;
		};
		AA3628822E8EEDAB00E432AF /* Release */ = {
			isa = XCBuildConfiguration;
			buildSettings = {
				BUNDLE_LOADER = "$(TEST_HOST)";
				CODE_SIGN_STYLE = Automatic;
				CURRENT_PROJECT_VERSION = 1;
				DEVELOPMENT_TEAM = B9VUF75UVL;
				GENERATE_INFOPLIST_FILE = YES;
				IPHONEOS_DEPLOYMENT_TARGET = 26.0;
				MARKETING_VERSION = 1.0;
				PRODUCT_BUNDLE_IDENTIFIER = uts.PantryChefTests;
				PRODUCT_NAME = "$(TARGET_NAME)";
				STRING_CATALOG_GENERATE_SYMBOLS = NO;
				SWIFT_APPROACHABLE_CONCURRENCY = YES;
				SWIFT_EMIT_LOC_STRINGS = NO;
				SWIFT_UPCOMING_FEATURE_MEMBER_IMPORT_VISIBILITY = YES;
				SWIFT_VERSION = 5.0;
				TARGETED_DEVICE_FAMILY = "1,2";
				TEST_HOST = "$(BUILT_PRODUCTS_DIR)/PantryChef.app/$(BUNDLE_EXECUTABLE_FOLDER_PATH)/PantryChef";
			};
			name = Release;
		};
		AA3628842E8EEDAB00E432AF /* Debug */ = {
			isa = XCBuildConfiguration;
			buildSettings = {
				CODE_SIGN_STYLE = Automatic;
				CURRENT_PROJECT_VERSION = 1;
				DEVELOPMENT_TEAM = B9VUF75UVL;
				GENERATE_INFOPLIST_FILE = YES;
				MARKETING_VERSION = 1.0;
				PRODUCT_BUNDLE_IDENTIFIER = uts.PantryChefUITests;
				PRODUCT_NAME = "$(TARGET_NAME)";
				STRING_CATALOG_GENERATE_SYMBOLS = NO;
				SWIFT_APPROACHABLE_CONCURRENCY = YES;
				SWIFT_EMIT_LOC_STRINGS = NO;
				SWIFT_UPCOMING_FEATURE_MEMBER_IMPORT_VISIBILITY = YES;
				SWIFT_VERSION = 5.0;
				TARGETED_DEVICE_FAMILY = "1,2";
				TEST_TARGET_NAME = PantryChef;
			};
			name = Debug;
		};
		AA3628852E8EEDAB00E432AF /* Release */ = {
			isa = XCBuildConfiguration;
			buildSettings = {
				CODE_SIGN_STYLE = Automatic;
				CURRENT_PROJECT_VERSION = 1;
				DEVELOPMENT_TEAM = B9VUF75UVL;
				GENERATE_INFOPLIST_FILE = YES;
				MARKETING_VERSION = 1.0;
				PRODUCT_BUNDLE_IDENTIFIER = uts.PantryChefUITests;
				PRODUCT_NAME = "$(TARGET_NAME)";
				STRING_CATALOG_GENERATE_SYMBOLS = NO;
				SWIFT_APPROACHABLE_CONCURRENCY = YES;
				SWIFT_EMIT_LOC_STRINGS = NO;
				SWIFT_UPCOMING_FEATURE_MEMBER_IMPORT_VISIBILITY = YES;
				SWIFT_VERSION = 5.0;
				TARGETED_DEVICE_FAMILY = "1,2";
				TEST_TARGET_NAME = PantryChef;
			};
			name = Release;
		};
/* End XCBuildConfiguration section */

/* Begin XCConfigurationList section */
		AA36284F2E8EEDA900E432AF /* Build configuration list for PBXProject "PantryChef" */ = {
			isa = XCConfigurationList;
			buildConfigurations = (
				AA36287E2E8EEDAB00E432AF /* Debug */,
				AA36287F2E8EEDAB00E432AF /* Release */,
			);
			defaultConfigurationIsVisible = 0;
			defaultConfigurationName = Release;
		};
		AA36287B2E8EEDAB00E432AF /* Build configuration list for PBXNativeTarget "PantryChef" */ = {
			isa = XCConfigurationList;
			buildConfigurations = (
				AA36287C2E8EEDAB00E432AF /* Debug */,
				AA36287D2E8EEDAB00E432AF /* Release */,
			);
			defaultConfigurationIsVisible = 0;
			defaultConfigurationName = Release;
		};
		AA3628802E8EEDAB00E432AF /* Build configuration list for PBXNativeTarget "PantryChefTests" */ = {
			isa = XCConfigurationList;
			buildConfigurations = (
				AA3628812E8EEDAB00E432AF /* Debug */,
				AA3628822E8EEDAB00E432AF /* Release */,
			);
			defaultConfigurationIsVisible = 0;
			defaultConfigurationName = Release;
		};
		AA3628832E8EEDAB00E432AF /* Build configuration list for PBXNativeTarget "PantryChefUITests" */ = {
			isa = XCConfigurationList;
			buildConfigurations = (
				AA3628842E8EEDAB00E432AF /* Debug */,
				AA3628852E8EEDAB00E432AF /* Release */,
			);
			defaultConfigurationIsVisible = 0;
			defaultConfigurationName = Release;
		};
/* End XCConfigurationList section */

/* Begin XCRemoteSwiftPackageReference section */
		AA3628862E8EEE8700E432AF /* XCRemoteSwiftPackageReference "Kingfisher" */ = {
			isa = XCRemoteSwiftPackageReference;
			repositoryURL = "https://github.com/onevcat/Kingfisher";
			requirement = {
				kind = upToNextMajorVersion;
				minimumVersion = 8.5.0;
			};
		};
		AA3628892E8EEEB000E432AF /* XCRemoteSwiftPackageReference "swift-collections" */ = {
			isa = XCRemoteSwiftPackageReference;
			repositoryURL = "https://github.com/apple/swift-collections.git";
			requirement = {
				kind = upToNextMajorVersion;
				minimumVersion = 1.3.0;
			};
		};
		AA3628942E8EEED200E432AF /* XCRemoteSwiftPackageReference "SQLite" */ = {
			isa = XCRemoteSwiftPackageReference;
			repositoryURL = "https://github.com/stephencelis/SQLite.swift";
			requirement = {
				kind = upToNextMajorVersion;
				minimumVersion = 0.15.4;
			};
		};
		AA3628E42E90225800E432AF /* XCRemoteSwiftPackageReference "firebase-ios-sdk" */ = {
			isa = XCRemoteSwiftPackageReference;
			repositoryURL = "https://github.com/firebase/firebase-ios-sdk";
			requirement = {
				kind = upToNextMajorVersion;
				minimumVersion = 12.3.0;
			};
		};
/* End XCRemoteSwiftPackageReference section */

/* Begin XCSwiftPackageProductDependency section */
		AA3628872E8EEE8700E432AF /* Kingfisher */ = {
			isa = XCSwiftPackageProductDependency;
			package = AA3628862E8EEE8700E432AF /* XCRemoteSwiftPackageReference "Kingfisher" */;
			productName = Kingfisher;
		};
		AA36288A2E8EEEB000E432AF /* BasicContainers */ = {
			isa = XCSwiftPackageProductDependency;
			package = AA3628892E8EEEB000E432AF /* XCRemoteSwiftPackageReference "swift-collections" */;
			productName = BasicContainers;
		};
		AA36288C2E8EEEB000E432AF /* BitCollections */ = {
			isa = XCSwiftPackageProductDependency;
			package = AA3628892E8EEEB000E432AF /* XCRemoteSwiftPackageReference "swift-collections" */;
			productName = BitCollections;
		};
		AA36288E2E8EEEB000E432AF /* Collections */ = {
			isa = XCSwiftPackageProductDependency;
			package = AA3628892E8EEEB000E432AF /* XCRemoteSwiftPackageReference "swift-collections" */;
			productName = Collections;
		};
		AA3628902E8EEEB000E432AF /* ContainersPreview */ = {
			isa = XCSwiftPackageProductDependency;
			package = AA3628892E8EEEB000E432AF /* XCRemoteSwiftPackageReference "swift-collections" */;
			productName = ContainersPreview;
		};
		AA3628922E8EEEB000E432AF /* DequeModule */ = {
			isa = XCSwiftPackageProductDependency;
			package = AA3628892E8EEEB000E432AF /* XCRemoteSwiftPackageReference "swift-collections" */;
			productName = DequeModule;
		};
		AA3628952E8EEED200E432AF /* SQLite */ = {
			isa = XCSwiftPackageProductDependency;
			package = AA3628942E8EEED200E432AF /* XCRemoteSwiftPackageReference "SQLite" */;
			productName = SQLite;
		};
		AA3628E52E90225800E432AF /* FirebaseAI */ = {
			isa = XCSwiftPackageProductDependency;
			package = AA3628E42E90225800E432AF /* XCRemoteSwiftPackageReference "firebase-ios-sdk" */;
			productName = FirebaseAI;
		};
		AA3628E72E90225800E432AF /* FirebaseAnalytics */ = {
			isa = XCSwiftPackageProductDependency;
			package = AA3628E42E90225800E432AF /* XCRemoteSwiftPackageReference "firebase-ios-sdk" */;
			productName = FirebaseAnalytics;
		};
		AA3628E92E90225800E432AF /* FirebaseAnalyticsCore */ = {
			isa = XCSwiftPackageProductDependency;
			package = AA3628E42E90225800E432AF /* XCRemoteSwiftPackageReference "firebase-ios-sdk" */;
			productName = FirebaseAnalyticsCore;
		};
		AA3628EB2E90225800E432AF /* FirebaseAnalyticsIdentitySupport */ = {
			isa = XCSwiftPackageProductDependency;
			package = AA3628E42E90225800E432AF /* XCRemoteSwiftPackageReference "firebase-ios-sdk" */;
			productName = FirebaseAnalyticsIdentitySupport;
		};
		AA3628ED2E90225800E432AF /* FirebaseAppCheck */ = {
			isa = XCSwiftPackageProductDependency;
			package = AA3628E42E90225800E432AF /* XCRemoteSwiftPackageReference "firebase-ios-sdk" */;
			productName = FirebaseAppCheck;
		};
		AA3628F42E902D7400E432AF /* FirebaseAuth */ = {
			isa = XCSwiftPackageProductDependency;
			package = AA3628E42E90225800E432AF /* XCRemoteSwiftPackageReference "firebase-ios-sdk" */;
			productName = FirebaseAuth;
		};
		AA3628F62E902D7400E432AF /* FirebaseCore */ = {
			isa = XCSwiftPackageProductDependency;
			package = AA3628E42E90225800E432AF /* XCRemoteSwiftPackageReference "firebase-ios-sdk" */;
			productName = FirebaseCore;
		};
		AA3628F82E902D7400E432AF /* FirebaseDatabase */ = {
			isa = XCSwiftPackageProductDependency;
			package = AA3628E42E90225800E432AF /* XCRemoteSwiftPackageReference "firebase-ios-sdk" */;
			productName = FirebaseDatabase;
		};
		AA3628FA2E902D7400E432AF /* FirebaseFirestore */ = {
			isa = XCSwiftPackageProductDependency;
			package = AA3628E42E90225800E432AF /* XCRemoteSwiftPackageReference "firebase-ios-sdk" */;
			productName = FirebaseFirestore;
		};
/* End XCSwiftPackageProductDependency section */
	};
	rootObject = AA36284C2E8EEDA900E432AF /* Project object */;
}
